// !$*UTF8*$!
{
	archiveVersion = 1;
	classes = {
	};
	objectVersion = 46;
	objects = {

/* Begin PBXBuildFile section */
		BCA644C819B05A04007D436C /* Foundation.framework in Frameworks */ = {isa = PBXBuildFile; fileRef = BCA644C719B05A04007D436C /* Foundation.framework */; };
		BCA644CA19B05A05007D436C /* CoreGraphics.framework in Frameworks */ = {isa = PBXBuildFile; fileRef = BCA644C919B05A04007D436C /* CoreGraphics.framework */; };
		BCA644CC19B05A05007D436C /* UIKit.framework in Frameworks */ = {isa = PBXBuildFile; fileRef = BCA644CB19B05A05007D436C /* UIKit.framework */; };
		BCA644D219B05A05007D436C /* InfoPlist.strings in Resources */ = {isa = PBXBuildFile; fileRef = BCA644D019B05A05007D436C /* InfoPlist.strings */; };
		BCA644D419B05A05007D436C /* main.m in Sources */ = {isa = PBXBuildFile; fileRef = BCA644D319B05A05007D436C /* main.m */; };
		BCA644D819B05A05007D436C /* AppDelegate.m in Sources */ = {isa = PBXBuildFile; fileRef = BCA644D719B05A05007D436C /* AppDelegate.m */; };
		BCA644DA19B05A05007D436C /* Images.xcassets in Resources */ = {isa = PBXBuildFile; fileRef = BCA644D919B05A05007D436C /* Images.xcassets */; };
		BCA644E119B05A05007D436C /* XCTest.framework in Frameworks */ = {isa = PBXBuildFile; fileRef = BCA644E019B05A05007D436C /* XCTest.framework */; };
		BCA644E219B05A05007D436C /* Foundation.framework in Frameworks */ = {isa = PBXBuildFile; fileRef = BCA644C719B05A04007D436C /* Foundation.framework */; };
		BCA644E319B05A05007D436C /* UIKit.framework in Frameworks */ = {isa = PBXBuildFile; fileRef = BCA644CB19B05A05007D436C /* UIKit.framework */; };
		BCA644EB19B05A05007D436C /* InfoPlist.strings in Resources */ = {isa = PBXBuildFile; fileRef = BCA644E919B05A05007D436C /* InfoPlist.strings */; };
		BCA644ED19B05A05007D436C /* UINavigationAnim_______Tests.m in Sources */ = {isa = PBXBuildFile; fileRef = BCA644EC19B05A05007D436C /* UINavigationAnim_______Tests.m */; };
		BCA644F819B05ADF007D436C /* VCFirst.m in Sources */ = {isa = PBXBuildFile; fileRef = BCA644F719B05ADF007D436C /* VCFirst.m */; };
		BCA644FB19B05F61007D436C /* VCSecond.m in Sources */ = {isa = PBXBuildFile; fileRef = BCA644FA19B05F61007D436C /* VCSecond.m */; };
		BCA644FD19B05FC6007D436C /* 17_2.jpg in Resources */ = {isa = PBXBuildFile; fileRef = BCA644FC19B05FC6007D436C /* 17_2.jpg */; };
/* End PBXBuildFile section */

/* Begin PBXContainerItemProxy section */
		BCA644E419B05A05007D436C /* PBXContainerItemProxy */ = {
			isa = PBXContainerItemProxy;
			containerPortal = BCA644BC19B05A04007D436C /* Project object */;
			proxyType = 1;
			remoteGlobalIDString = BCA644C319B05A04007D436C;
			remoteInfo = "UINavigationAnim导航控制器动画";
		};
/* End PBXContainerItemProxy section */

/* Begin PBXFileReference section */
		BCA644C419B05A04007D436C /* UINavigationAnim导航控制器动画.app */ = {isa = PBXFileReference; explicitFileType = wrapper.application; includeInIndex = 0; path = "UINavigationAnim导航控制器动画.app"; sourceTree = BUILT_PRODUCTS_DIR; };
		BCA644C719B05A04007D436C /* Foundation.framework */ = {isa = PBXFileReference; lastKnownFileType = wrapper.framework; name = Foundation.framework; path = System/Library/Frameworks/Foundation.framework; sourceTree = SDKROOT; };
		BCA644C919B05A04007D436C /* CoreGraphics.framework */ = {isa = PBXFileReference; lastKnownFileType = wrapper.framework; name = CoreGraphics.framework; path = System/Library/Frameworks/CoreGraphics.framework; sourceTree = SDKROOT; };
		BCA644CB19B05A05007D436C /* UIKit.framework */ = {isa = PBXFileReference; lastKnownFileType = wrapper.framework; name = UIKit.framework; path = System/Library/Frameworks/UIKit.framework; sourceTree = SDKROOT; };
		BCA644CF19B05A05007D436C /* UINavigationAnim导航控制器动画-Info.plist */ = {isa = PBXFileReference; lastKnownFileType = text.plist.xml; path = "UINavigationAnim导航控制器动画-Info.plist"; sourceTree = "<group>"; };
		BCA644D119B05A05007D436C /* en */ = {isa = PBXFileReference; lastKnownFileType = text.plist.strings; name = en; path = en.lproj/InfoPlist.strings; sourceTree = "<group>"; };
		BCA644D319B05A05007D436C /* main.m */ = {isa = PBXFileReference; lastKnownFileType = sourcecode.c.objc; path = main.m; sourceTree = "<group>"; };
		BCA644D519B05A05007D436C /* UINavigationAnim导航控制器动画-Prefix.pch */ = {isa = PBXFileReference; lastKnownFileType = sourcecode.c.h; path = "UINavigationAnim导航控制器动画-Prefix.pch"; sourceTree = "<group>"; };
		BCA644D619B05A05007D436C /* AppDelegate.h */ = {isa = PBXFileReference; lastKnownFileType = sourcecode.c.h; path = AppDelegate.h; sourceTree = "<group>"; };
		BCA644D719B05A05007D436C /* AppDelegate.m */ = {isa = PBXFileReference; lastKnownFileType = sourcecode.c.objc; path = AppDelegate.m; sourceTree = "<group>"; };
		BCA644D919B05A05007D436C /* Images.xcassets */ = {isa = PBXFileReference; lastKnownFileType = folder.assetcatalog; path = Images.xcassets; sourceTree = "<group>"; };
		BCA644DF19B05A05007D436C /* UINavigationAnim导航控制器动画Tests.xctest */ = {isa = PBXFileReference; explicitFileType = wrapper.cfbundle; includeInIndex = 0; path = "UINavigationAnim导航控制器动画Tests.xctest"; sourceTree = BUILT_PRODUCTS_DIR; };
		BCA644E019B05A05007D436C /* XCTest.framework */ = {isa = PBXFileReference; lastKnownFileType = wrapper.framework; name = XCTest.framework; path = Library/Frameworks/XCTest.framework; sourceTree = DEVELOPER_DIR; };
		BCA644E819B05A05007D436C /* UINavigationAnim导航控制器动画Tests-Info.plist */ = {isa = PBXFileReference; lastKnownFileType = text.plist.xml; path = "UINavigationAnim导航控制器动画Tests-Info.plist"; sourceTree = "<group>"; };
		BCA644EA19B05A05007D436C /* en */ = {isa = PBXFileReference; lastKnownFileType = text.plist.strings; name = en; path = en.lproj/InfoPlist.strings; sourceTree = "<group>"; };
		BCA644EC19B05A05007D436C /* UINavigationAnim_______Tests.m */ = {isa = PBXFileReference; lastKnownFileType = sourcecode.c.objc; path = "UINavigationAnim_______Tests.m"; sourceTree = "<group>"; };
		BCA644F619B05ADF007D436C /* VCFirst.h */ = {isa = PBXFileReference; fileEncoding = 4; lastKnownFileType = sourcecode.c.h; path = VCFirst.h; sourceTree = "<group>"; };
		BCA644F719B05ADF007D436C /* VCFirst.m */ = {isa = PBXFileReference; fileEncoding = 4; lastKnownFileType = sourcecode.c.objc; path = VCFirst.m; sourceTree = "<group>"; };
		BCA644F919B05F61007D436C /* VCSecond.h */ = {isa = PBXFileReference; fileEncoding = 4; lastKnownFileType = sourcecode.c.h; path = VCSecond.h; sourceTree = "<group>"; };
		BCA644FA19B05F61007D436C /* VCSecond.m */ = {isa = PBXFileReference; fileEncoding = 4; lastKnownFileType = sourcecode.c.objc; path = VCSecond.m; sourceTree = "<group>"; };
		BCA644FC19B05FC6007D436C /* 17_2.jpg */ = {isa = PBXFileReference; lastKnownFileType = image.jpeg; path = 17_2.jpg; sourceTree = "<group>"; };
/* End PBXFileReference section */

/* Begin PBXFrameworksBuildPhase section */
		BCA644C119B05A04007D436C /* Frameworks */ = {
			isa = PBXFrameworksBuildPhase;
			buildActionMask = 2147483647;
			files = (
				BCA644CA19B05A05007D436C /* CoreGraphics.framework in Frameworks */,
				BCA644CC19B05A05007D436C /* UIKit.framework in Frameworks */,
				BCA644C819B05A04007D436C /* Foundation.framework in Frameworks */,
			);
			runOnlyForDeploymentPostprocessing = 0;
		};
		BCA644DC19B05A05007D436C /* Frameworks */ = {
			isa = PBXFrameworksBuildPhase;
			buildActionMask = 2147483647;
			files = (
				BCA644E119B05A05007D436C /* XCTest.framework in Frameworks */,
				BCA644E319B05A05007D436C /* UIKit.framework in Frameworks */,
				BCA644E219B05A05007D436C /* Foundation.framework in Frameworks */,
			);
			runOnlyForDeploymentPostprocessing = 0;
		};
/* End PBXFrameworksBuildPhase section */

/* Begin PBXGroup section */
		BCA644BB19B05A04007D436C = {
			isa = PBXGroup;
			children = (
				BCA644FC19B05FC6007D436C /* 17_2.jpg */,
				BCA644CD19B05A05007D436C /* UINavigationAnim导航控制器动画 */,
				BCA644E619B05A05007D436C /* UINavigationAnim导航控制器动画Tests */,
				BCA644C619B05A04007D436C /* Frameworks */,
				BCA644C519B05A04007D436C /* Products */,
			);
			sourceTree = "<group>";
		};
		BCA644C519B05A04007D436C /* Products */ = {
			isa = PBXGroup;
			children = (
				BCA644C419B05A04007D436C /* UINavigationAnim导航控制器动画.app */,
				BCA644DF19B05A05007D436C /* UINavigationAnim导航控制器动画Tests.xctest */,
			);
			name = Products;
			sourceTree = "<group>";
		};
		BCA644C619B05A04007D436C /* Frameworks */ = {
			isa = PBXGroup;
			children = (
				BCA644C719B05A04007D436C /* Foundation.framework */,
				BCA644C919B05A04007D436C /* CoreGraphics.framework */,
				BCA644CB19B05A05007D436C /* UIKit.framework */,
				BCA644E019B05A05007D436C /* XCTest.framework */,
			);
			name = Frameworks;
			sourceTree = "<group>";
		};
		BCA644CD19B05A05007D436C /* UINavigationAnim导航控制器动画 */ = {
			isa = PBXGroup;
			children = (
				BCA644D619B05A05007D436C /* AppDelegate.h */,
				BCA644D719B05A05007D436C /* AppDelegate.m */,
				BCA644F619B05ADF007D436C /* VCFirst.h */,
				BCA644F719B05ADF007D436C /* VCFirst.m */,
				BCA644F919B05F61007D436C /* VCSecond.h */,
				BCA644FA19B05F61007D436C /* VCSecond.m */,
				BCA644D919B05A05007D436C /* Images.xcassets */,
				BCA644CE19B05A05007D436C /* Supporting Files */,
			);
			path = "UINavigationAnim导航控制器动画";
			sourceTree = "<group>";
		};
		BCA644CE19B05A05007D436C /* Supporting Files */ = {
			isa = PBXGroup;
			children = (
				BCA644CF19B05A05007D436C /* UINavigationAnim导航控制器动画-Info.plist */,
				BCA644D019B05A05007D436C /* InfoPlist.strings */,
				BCA644D319B05A05007D436C /* main.m */,
				BCA644D519B05A05007D436C /* UINavigationAnim导航控制器动画-Prefix.pch */,
			);
			name = "Supporting Files";
			sourceTree = "<group>";
		};
		BCA644E619B05A05007D436C /* UINavigationAnim导航控制器动画Tests */ = {
			isa = PBXGroup;
			children = (
				BCA644EC19B05A05007D436C /* UINavigationAnim_______Tests.m */,
				BCA644E719B05A05007D436C /* Supporting Files */,
			);
			path = "UINavigationAnim导航控制器动画Tests";
			sourceTree = "<group>";
		};
		BCA644E719B05A05007D436C /* Supporting Files */ = {
			isa = PBXGroup;
			children = (
				BCA644E819B05A05007D436C /* UINavigationAnim导航控制器动画Tests-Info.plist */,
				BCA644E919B05A05007D436C /* InfoPlist.strings */,
			);
			name = "Supporting Files";
			sourceTree = "<group>";
		};
/* End PBXGroup section */

/* Begin PBXNativeTarget section */
		BCA644C319B05A04007D436C /* UINavigationAnim导航控制器动画 */ = {
			isa = PBXNativeTarget;
			buildConfigurationList = BCA644F019B05A05007D436C /* Build configuration list for PBXNativeTarget "UINavigationAnim导航控制器动画" */;
			buildPhases = (
				BCA644C019B05A04007D436C /* Sources */,
				BCA644C119B05A04007D436C /* Frameworks */,
				BCA644C219B05A04007D436C /* Resources */,
			);
			buildRules = (
			);
			dependencies = (
			);
			name = "UINavigationAnim导航控制器动画";
			productName = "UINavigationAnim导航控制器动画";
			productReference = BCA644C419B05A04007D436C /* UINavigationAnim导航控制器动画.app */;
			productType = "com.apple.product-type.application";
		};
		BCA644DE19B05A05007D436C /* UINavigationAnim导航控制器动画Tests */ = {
			isa = PBXNativeTarget;
			buildConfigurationList = BCA644F319B05A05007D436C /* Build configuration list for PBXNativeTarget "UINavigationAnim导航控制器动画Tests" */;
			buildPhases = (
				BCA644DB19B05A05007D436C /* Sources */,
				BCA644DC19B05A05007D436C /* Frameworks */,
				BCA644DD19B05A05007D436C /* Resources */,
			);
			buildRules = (
			);
			dependencies = (
				BCA644E519B05A05007D436C /* PBXTargetDependency */,
			);
			name = "UINavigationAnim导航控制器动画Tests";
			productName = "UINavigationAnim导航控制器动画Tests";
			productReference = BCA644DF19B05A05007D436C /* UINavigationAnim导航控制器动画Tests.xctest */;
			productType = "com.apple.product-type.bundle.unit-test";
		};
/* End PBXNativeTarget section */

/* Begin PBXProject section */
		BCA644BC19B05A04007D436C /* Project object */ = {
			isa = PBXProject;
			attributes = {
				LastUpgradeCheck = 0510;
				ORGANIZATIONNAME = Qianfeng;
				TargetAttributes = {
					BCA644DE19B05A05007D436C = {
						TestTargetID = BCA644C319B05A04007D436C;
					};
				};
			};
			buildConfigurationList = BCA644BF19B05A04007D436C /* Build configuration list for PBXProject "UINavigationAnim导航控制器动画" */;
			compatibilityVersion = "Xcode 3.2";
			developmentRegion = English;
			hasScannedForEncodings = 0;
			knownRegions = (
				en,
			);
			mainGroup = BCA644BB19B05A04007D436C;
			productRefGroup = BCA644C519B05A04007D436C /* Products */;
			projectDirPath = "";
			projectRoot = "";
			targets = (
				BCA644C319B05A04007D436C /* UINavigationAnim导航控制器动画 */,
				BCA644DE19B05A05007D436C /* UINavigationAnim导航控制器动画Tests */,
			);
		};
/* End PBXProject section */

/* Begin PBXResourcesBuildPhase section */
		BCA644C219B05A04007D436C /* Resources */ = {
			isa = PBXResourcesBuildPhase;
			buildActionMask = 2147483647;
			files = (
				BCA644D219B05A05007D436C /* InfoPlist.strings in Resources */,
				BCA644DA19B05A05007D436C /* Images.xcassets in Resources */,
				BCA644FD19B05FC6007D436C /* 17_2.jpg in Resources */,
			);
			runOnlyForDeploymentPostprocessing = 0;
		};
		BCA644DD19B05A05007D436C /* Resources */ = {
			isa = PBXResourcesBuildPhase;
			buildActionMask = 2147483647;
			files = (
				BCA644EB19B05A05007D436C /* InfoPlist.strings in Resources */,
			);
			runOnlyForDeploymentPostprocessing = 0;
		};
/* End PBXResourcesBuildPhase section */

/* Begin PBXSourcesBuildPhase section */
		BCA644C019B05A04007D436C /* Sources */ = {
			isa = PBXSourcesBuildPhase;
			buildActionMask = 2147483647;
			files = (
				BCA644F819B05ADF007D436C /* VCFirst.m in Sources */,
				BCA644D819B05A05007D436C /* AppDelegate.m in Sources */,
				BCA644FB19B05F61007D436C /* VCSecond.m in Sources */,
				BCA644D419B05A05007D436C /* main.m in Sources */,
			);
			runOnlyForDeploymentPostprocessing = 0;
		};
		BCA644DB19B05A05007D436C /* Sources */ = {
			isa = PBXSourcesBuildPhase;
			buildActionMask = 2147483647;
			files = (
				BCA644ED19B05A05007D436C /* UINavigationAnim_______Tests.m in Sources */,
			);
			runOnlyForDeploymentPostprocessing = 0;
		};
/* End PBXSourcesBuildPhase section */

/* Begin PBXTargetDependency section */
		BCA644E519B05A05007D436C /* PBXTargetDependency */ = {
			isa = PBXTargetDependency;
			target = BCA644C319B05A04007D436C /* UINavigationAnim导航控制器动画 */;
			targetProxy = BCA644E419B05A05007D436C /* PBXContainerItemProxy */;
		};
/* End PBXTargetDependency section */

/* Begin PBXVariantGroup section */
		BCA644D019B05A05007D436C /* InfoPlist.strings */ = {
			isa = PBXVariantGroup;
			children = (
				BCA644D119B05A05007D436C /* en */,
			);
			name = InfoPlist.strings;
			sourceTree = "<group>";
		};
		BCA644E919B05A05007D436C /* InfoPlist.strings */ = {
			isa = PBXVariantGroup;
			children = (
				BCA644EA19B05A05007D436C /* en */,
			);
			name = InfoPlist.strings;
			sourceTree = "<group>";
		};
/* End PBXVariantGroup section */

/* Begin XCBuildConfiguration section */
		BCA644EE19B05A05007D436C /* Debug */ = {
			isa = XCBuildConfiguration;
			buildSettings = {
				ALWAYS_SEARCH_USER_PATHS = NO;
				CLANG_CXX_LANGUAGE_STANDARD = "gnu++0x";
				CLANG_CXX_LIBRARY = "libc++";
				CLANG_ENABLE_MODULES = YES;
				CLANG_ENABLE_OBJC_ARC = YES;
				CLANG_WARN_BOOL_CONVERSION = YES;
				CLANG_WARN_CONSTANT_CONVERSION = YES;
				CLANG_WARN_DIRECT_OBJC_ISA_USAGE = YES_ERROR;
				CLANG_WARN_EMPTY_BODY = YES;
				CLANG_WARN_ENUM_CONVERSION = YES;
				CLANG_WARN_INT_CONVERSION = YES;
				CLANG_WARN_OBJC_ROOT_CLASS = YES_ERROR;
				CLANG_WARN__DUPLICATE_METHOD_MATCH = YES;
				"CODE_SIGN_IDENTITY[sdk=iphoneos*]" = "iPhone Developer";
				COPY_PHASE_STRIP = NO;
				GCC_C_LANGUAGE_STANDARD = gnu99;
				GCC_DYNAMIC_NO_PIC = NO;
				GCC_OPTIMIZATION_LEVEL = 0;
				GCC_PREPROCESSOR_DEFINITIONS = (
					"DEBUG=1",
					"$(inherited)",
				);
				GCC_SYMBOLS_PRIVATE_EXTERN = NO;
				GCC_WARN_64_TO_32_BIT_CONVERSION = YES;
				GCC_WARN_ABOUT_RETURN_TYPE = YES_ERROR;
				GCC_WARN_UNDECLARED_SELECTOR = YES;
				GCC_WARN_UNINITIALIZED_AUTOS = YES_AGGRESSIVE;
				GCC_WARN_UNUSED_FUNCTION = YES;
				GCC_WARN_UNUSED_VARIABLE = YES;
				IPHONEOS_DEPLOYMENT_TARGET = 7.1;
				ONLY_ACTIVE_ARCH = YES;
				SDKROOT = iphoneos;
			};
			name = Debug;
		};
		BCA644EF19B05A05007D436C /* Release */ = {
			isa = XCBuildConfiguration;
			buildSettings = {
				ALWAYS_SEARCH_USER_PATHS = NO;
				CLANG_CXX_LANGUAGE_STANDARD = "gnu++0x";
				CLANG_CXX_LIBRARY = "libc++";
				CLANG_ENABLE_MODULES = YES;
				CLANG_ENABLE_OBJC_ARC = YES;
				CLANG_WARN_BOOL_CONVERSION = YES;
				CLANG_WARN_CONSTANT_CONVERSION = YES;
				CLANG_WARN_DIRECT_OBJC_ISA_USAGE = YES_ERROR;
				CLANG_WARN_EMPTY_BODY = YES;
				CLANG_WARN_ENUM_CONVERSION = YES;
				CLANG_WARN_INT_CONVERSION = YES;
				CLANG_WARN_OBJC_ROOT_CLASS = YES_ERROR;
				CLANG_WARN__DUPLICATE_METHOD_MATCH = YES;
				"CODE_SIGN_IDENTITY[sdk=iphoneos*]" = "iPhone Developer";
				COPY_PHASE_STRIP = YES;
				ENABLE_NS_ASSERTIONS = NO;
				GCC_C_LANGUAGE_STANDARD = gnu99;
				GCC_WARN_64_TO_32_BIT_CONVERSION = YES;
				GCC_WARN_ABOUT_RETURN_TYPE = YES_ERROR;
				GCC_WARN_UNDECLARED_SELECTOR = YES;
				GCC_WARN_UNINITIALIZED_AUTOS = YES_AGGRESSIVE;
				GCC_WARN_UNUSED_FUNCTION = YES;
				GCC_WARN_UNUSED_VARIABLE = YES;
				IPHONEOS_DEPLOYMENT_TARGET = 7.1;
				SDKROOT = iphoneos;
				VALIDATE_PRODUCT = YES;
			};
			name = Release;
		};
		BCA644F119B05A05007D436C /* Debug */ = {
			isa = XCBuildConfiguration;
			buildSettings = {
				ASSETCATALOG_COMPILER_APPICON_NAME = AppIcon;
				ASSETCATALOG_COMPILER_LAUNCHIMAGE_NAME = LaunchImage;
				GCC_PRECOMPILE_PREFIX_HEADER = YES;
				GCC_PREFIX_HEADER = "UINavigationAnim导航控制器动画/UINavigationAnim导航控制器动画-Prefix.pch";
				INFOPLIST_FILE = "UINavigationAnim导航控制器动画/UINavigationAnim导航控制器动画-Info.plist";
				PRODUCT_NAME = "$(TARGET_NAME)";
				WRAPPER_EXTENSION = app;
			};
			name = Debug;
		};
		BCA644F219B05A05007D436C /* Release */ = {
			isa = XCBuildConfiguration;
			buildSettings = {
				ASSETCATALOG_COMPILER_APPICON_NAME = AppIcon;
				ASSETCATALOG_COMPILER_LAUNCHIMAGE_NAME = LaunchImage;
				GCC_PRECOMPILE_PREFIX_HEADER = YES;
				GCC_PREFIX_HEADER = "UINavigationAnim导航控制器动画/UINavigationAnim导航控制器动画-Prefix.pch";
				INFOPLIST_FILE = "UINavigationAnim导航控制器动画/UINavigationAnim导航控制器动画-Info.plist";
				PRODUCT_NAME = "$(TARGET_NAME)";
				WRAPPER_EXTENSION = app;
			};
			name = Release;
		};
		BCA644F419B05A05007D436C /* Debug */ = {
			isa = XCBuildConfiguration;
			buildSettings = {
				BUNDLE_LOADER = "$(BUILT_PRODUCTS_DIR)/UINavigationAnim导航控制器动画.app/UINavigationAnim导航控制器动画";
				FRAMEWORK_SEARCH_PATHS = (
					"$(SDKROOT)/Developer/Library/Frameworks",
					"$(inherited)",
					"$(DEVELOPER_FRAMEWORKS_DIR)",
				);
				GCC_PRECOMPILE_PREFIX_HEADER = YES;
				GCC_PREFIX_HEADER = "UINavigationAnim导航控制器动画/UINavigationAnim导航控制器动画-Prefix.pch";
				GCC_PREPROCESSOR_DEFINITIONS = (
					"DEBUG=1",
					"$(inherited)",
				);
				INFOPLIST_FILE = "UINavigationAnim导航控制器动画Tests/UINavigationAnim导航控制器动画Tests-Info.plist";
				PRODUCT_NAME = "$(TARGET_NAME)";
				TEST_HOST = "$(BUNDLE_LOADER)";
				WRAPPER_EXTENSION = xctest;
			};
			name = Debug;
		};
		BCA644F519B05A05007D436C /* Release */ = {
			isa = XCBuildConfiguration;
			buildSettings = {
				BUNDLE_LOADER = "$(BUILT_PRODUCTS_DIR)/UINavigationAnim导航控制器动画.app/UINavigationAnim导航控制器动画";
				FRAMEWORK_SEARCH_PATHS = (
					"$(SDKROOT)/Developer/Library/Frameworks",
					"$(inherited)",
					"$(DEVELOPER_FRAMEWORKS_DIR)",
				);
				GCC_PRECOMPILE_PREFIX_HEADER = YES;
				GCC_PREFIX_HEADER = "UINavigationAnim导航控制器动画/UINavigationAnim导航控制器动画-Prefix.pch";
				INFOPLIST_FILE = "UINavigationAnim导航控制器动画Tests/UINavigationAnim导航控制器动画Tests-Info.plist";
				PRODUCT_NAME = "$(TARGET_NAME)";
				TEST_HOST = "$(BUNDLE_LOADER)";
				WRAPPER_EXTENSION = xctest;
			};
			name = Release;
		};
/* End XCBuildConfiguration section */

/* Begin XCConfigurationList section */
		BCA644BF19B05A04007D436C /* Build configuration list for PBXProject "UINavigationAnim导航控制器动画" */ = {
			isa = XCConfigurationList;
			buildConfigurations = (
				BCA644EE19B05A05007D436C /* Debug */,
				BCA644EF19B05A05007D436C /* Release */,
			);
			defaultConfigurationIsVisible = 0;
			defaultConfigurationName = Release;
		};
		BCA644F019B05A05007D436C /* Build configuration list for PBXNativeTarget "UINavigationAnim导航控制器动画" */ = {
			isa = XCConfigurationList;
			buildConfigurations = (
				BCA644F119B05A05007D436C /* Debug */,
				BCA644F219B05A05007D436C /* Release */,
			);
			defaultConfigurationIsVisible = 0;
		};
		BCA644F319B05A05007D436C /* Build configuration list for PBXNativeTarget "UINavigationAnim导航控制器动画Tests" */ = {
			isa = XCConfigurationList;
			buildConfigurations = (
				BCA644F419B05A05007D436C /* Debug */,
				BCA644F519B05A05007D436C /* Release */,
			);
			defaultConfigurationIsVisible = 0;
		};
/* End XCConfigurationList section */
	};
	rootObject = BCA644BC19B05A04007D436C /* Project object */;
}
